
Microsoft Visual Studio Solution File, Format Version 12.00
# Visual Studio 2013
VisualStudioVersion = 12.0.30501.0
MinimumVisualStudioVersion = 10.0.40219.1
Project("{FAE04EC0-301F-11D3-BF4B-00C04F79EFBC}") = "Biobanking", "Biobanking\Biobanking.csproj", "{004F4612-696B-4426-AD95-963076908E27}"
EndProject
Project("{FAE04EC0-301F-11D3-BF4B-00C04F79EFBC}") = "Notifier", "Notifier\Notifier.csproj", "{2382DD05-D966-491C-B125-BEDC0EB3258E}"
EndProject
Project("{FAE04EC0-301F-11D3-BF4B-00C04F79EFBC}") = "SampleInfo", "SampleInfo\SampleInfo\SampleInfo.csproj", "{199C2846-9507-4D56-9FE6-B211E416ECD8}"
EndProject
Project("{FAE04EC0-301F-11D3-BF4B-00C04F79EFBC}") = "Settings", "Settings\Settings.csproj", "{33901220-0610-4024-92E5-1A63FCB19C87}"
EndProject
Project("{FAE04EC0-301F-11D3-BF4B-00C04F79EFBC}") = "Calibration", "Calibration\Calibration.csproj", "{2FD43A49-6C80-44FE-90E7-947A86778A4A}"
EndProject
Project("{FAE04EC0-301F-11D3-BF4B-00C04F79EFBC}") = "ConfigureTool", "ConfigureTool\ConfigureTool.csproj", "{59C320C0-29AB-4F48-8DB3-CECDB3FCC2E3}"
EndProject
Project("{FAE04EC0-301F-11D3-BF4B-00C04F79EFBC}") = "Monitor", "Monitor\Monitor.csproj", "{39BCA6D3-CB68-4F8F-B457-47C9FD8D27AD}"
EndProject
Project("{FAE04EC0-301F-11D3-BF4B-00C04F79EFBC}") = "CheckPlateID", "CheckPlateID\CheckPlateID.csproj", "{F7776DCA-2535-43C2-A409-08BFA719E8D6}"
EndProject
Global
	GlobalSection(SolutionConfigurationPlatforms) = preSolution
		Debug|Any CPU = Debug|Any CPU
		Debug|Mixed Platforms = Debug|Mixed Platforms
		Debug|x86 = Debug|x86
		Release|Any CPU = Release|Any CPU
		Release|Mixed Platforms = Release|Mixed Platforms
		Release|x86 = Release|x86
	EndGlobalSection
	GlobalSection(ProjectConfigurationPlatforms) = postSolution
		{004F4612-696B-4426-AD95-963076908E27}.Debug|Any CPU.ActiveCfg = Debug|x86
		{004F4612-696B-4426-AD95-963076908E27}.Debug|Mixed Platforms.ActiveCfg = Debug|x86
		{004F4612-696B-4426-AD95-963076908E27}.Debug|Mixed Platforms.Build.0 = Debug|x86
		{004F4612-696B-4426-AD95-963076908E27}.Debug|x86.ActiveCfg = Debug|x86
		{004F4612-696B-4426-AD95-963076908E27}.Debug|x86.Build.0 = Debug|x86
		{004F4612-696B-4426-AD95-963076908E27}.Release|Any CPU.ActiveCfg = Release|x86
		{004F4612-696B-4426-AD95-963076908E27}.Release|Mixed Platforms.ActiveCfg = Release|x86
		{004F4612-696B-4426-AD95-963076908E27}.Release|Mixed Platforms.Build.0 = Release|x86
		{004F4612-696B-4426-AD95-963076908E27}.Release|x86.ActiveCfg = Release|x86
		{004F4612-696B-4426-AD95-963076908E27}.Release|x86.Build.0 = Release|x86
		{2382DD05-D966-491C-B125-BEDC0EB3258E}.Debug|Any CPU.ActiveCfg = Debug|x86
		{2382DD05-D966-491C-B125-BEDC0EB3258E}.Debug|Mixed Platforms.ActiveCfg = Debug|x86
		{2382DD05-D966-491C-B125-BEDC0EB3258E}.Debug|Mixed Platforms.Build.0 = Debug|x86
		{2382DD05-D966-491C-B125-BEDC0EB3258E}.Debug|x86.ActiveCfg = Debug|x86
		{2382DD05-D966-491C-B125-BEDC0EB3258E}.Debug|x86.Build.0 = Debug|x86
		{2382DD05-D966-491C-B125-BEDC0EB3258E}.Release|Any CPU.ActiveCfg = Release|x86
		{2382DD05-D966-491C-B125-BEDC0EB3258E}.Release|Mixed Platforms.ActiveCfg = Release|x86
		{2382DD05-D966-491C-B125-BEDC0EB3258E}.Release|Mixed Platforms.Build.0 = Release|x86
		{2382DD05-D966-491C-B125-BEDC0EB3258E}.Release|x86.ActiveCfg = Release|x86
		{2382DD05-D966-491C-B125-BEDC0EB3258E}.Release|x86.Build.0 = Release|x86
		{199C2846-9507-4D56-9FE6-B211E416ECD8}.Debug|Any CPU.ActiveCfg = Debug|x86
		{199C2846-9507-4D56-9FE6-B211E416ECD8}.Debug|Mixed Platforms.ActiveCfg = Debug|x86
		{199C2846-9507-4D56-9FE6-B211E416ECD8}.Debug|Mixed Platforms.Build.0 = Debug|x86
		{199C2846-9507-4D56-9FE6-B211E416ECD8}.Debug|x86.ActiveCfg = Debug|x86
		{199C2846-9507-4D56-9FE6-B211E416ECD8}.Debug|x86.Build.0 = Debug|x86
		{199C2846-9507-4D56-9FE6-B211E416ECD8}.Release|Any CPU.ActiveCfg = Release|x86
		{199C2846-9507-4D56-9FE6-B211E416ECD8}.Release|Mixed Platforms.ActiveCfg = Release|x86
		{199C2846-9507-4D56-9FE6-B211E416ECD8}.Release|Mixed Platforms.Build.0 = Release|x86
		{199C2846-9507-4D56-9FE6-B211E416ECD8}.Release|x86.ActiveCfg = Release|x86
		{199C2846-9507-4D56-9FE6-B211E416ECD8}.Release|x86.Build.0 = Release|x86
		{33901220-0610-4024-92E5-1A63FCB19C87}.Debug|Any CPU.ActiveCfg = Debug|Any CPU
		{33901220-0610-4024-92E5-1A63FCB19C87}.Debug|Any CPU.Build.0 = Debug|Any CPU
		{33901220-0610-4024-92E5-1A63FCB19C87}.Debug|Mixed Platforms.ActiveCfg = Debug|Any CPU
		{33901220-0610-4024-92E5-1A63FCB19C87}.Debug|Mixed Platforms.Build.0 = Debug|Any CPU
		{33901220-0610-4024-92E5-1A63FCB19C87}.Debug|x86.ActiveCfg = Debug|Any CPU
		{33901220-0610-4024-92E5-1A63FCB19C87}.Release|Any CPU.ActiveCfg = Release|Any CPU
		{33901220-0610-4024-92E5-1A63FCB19C87}.Release|Any CPU.Build.0 = Release|Any CPU
		{33901220-0610-4024-92E5-1A63FCB19C87}.Release|Mixed Platforms.ActiveCfg = Release|Any CPU
		{33901220-0610-4024-92E5-1A63FCB19C87}.Release|Mixed Platforms.Build.0 = Release|Any CPU
		{33901220-0610-4024-92E5-1A63FCB19C87}.Release|x86.ActiveCfg = Release|Any CPU
		{2FD43A49-6C80-44FE-90E7-947A86778A4A}.Debug|Any CPU.ActiveCfg = Debug|Any CPU
		{2FD43A49-6C80-44FE-90E7-947A86778A4A}.Debug|Any CPU.Build.0 = Debug|Any CPU
		{2FD43A49-6C80-44FE-90E7-947A86778A4A}.Debug|Mixed Platforms.ActiveCfg = Debug|Any CPU
		{2FD43A49-6C80-44FE-90E7-947A86778A4A}.Debug|Mixed Platforms.Build.0 = Debug|Any CPU
		{2FD43A49-6C80-44FE-90E7-947A86778A4A}.Debug|x86.ActiveCfg = Debug|Any CPU
		{2FD43A49-6C80-44FE-90E7-947A86778A4A}.Debug|x86.Build.0 = Debug|Any CPU
		{2FD43A49-6C80-44FE-90E7-947A86778A4A}.Release|Any CPU.ActiveCfg = Release|Any CPU
		{2FD43A49-6C80-44FE-90E7-947A86778A4A}.Release|Any CPU.Build.0 = Release|Any CPU
		{2FD43A49-6C80-44FE-90E7-947A86778A4A}.Release|Mixed Platforms.ActiveCfg = Release|Any CPU
		{2FD43A49-6C80-44FE-90E7-947A86778A4A}.Release|Mixed Platforms.Build.0 = Release|Any CPU
		{2FD43A49-6C80-44FE-90E7-947A86778A4A}.Release|x86.ActiveCfg = Release|Any CPU
		{2FD43A49-6C80-44FE-90E7-947A86778A4A}.Release|x86.Build.0 = Release|Any CPU
		{59C320C0-29AB-4F48-8DB3-CECDB3FCC2E3}.Debug|Any CPU.ActiveCfg = Debug|Any CPU
		{59C320C0-29AB-4F48-8DB3-CECDB3FCC2E3}.Debug|Any CPU.Build.0 = Debug|Any CPU
		{59C320C0-29AB-4F48-8DB3-CECDB3FCC2E3}.Debug|Mixed Platforms.ActiveCfg = Debug|Any CPU
		{59C320C0-29AB-4F48-8DB3-CECDB3FCC2E3}.Debug|Mixed Platforms.Build.0 = Debug|Any CPU
		{59C320C0-29AB-4F48-8DB3-CECDB3FCC2E3}.Debug|x86.ActiveCfg = Debug|Any CPU
		{59C320C0-29AB-4F48-8DB3-CECDB3FCC2E3}.Debug|x86.Build.0 = Debug|Any CPU
		{59C320C0-29AB-4F48-8DB3-CECDB3FCC2E3}.Release|Any CPU.ActiveCfg = Release|Any CPU
		{59C320C0-29AB-4F48-8DB3-CECDB3FCC2E3}.Release|Any CPU.Build.0 = Release|Any CPU
		{59C320C0-29AB-4F48-8DB3-CECDB3FCC2E3}.Release|Mixed Platforms.ActiveCfg = Release|Any CPU
		{59C320C0-29AB-4F48-8DB3-CECDB3FCC2E3}.Release|Mixed Platforms.Build.0 = Release|Any CPU
		{59C320C0-29AB-4F48-8DB3-CECDB3FCC2E3}.Release|x86.ActiveCfg = Release|Any CPU
		{59C320C0-29AB-4F48-8DB3-CECDB3FCC2E3}.Release|x86.Build.0 = Release|Any CPU
		{39BCA6D3-CB68-4F8F-B457-47C9FD8D27AD}.Debug|Any CPU.ActiveCfg = Debug|x86
		{39BCA6D3-CB68-4F8F-B457-47C9FD8D27AD}.Debug|Mixed Platforms.ActiveCfg = Debug|x86
		{39BCA6D3-CB68-4F8F-B457-47C9FD8D27AD}.Debug|Mixed Platforms.Build.0 = Debug|x86
		{39BCA6D3-CB68-4F8F-B457-47C9FD8D27AD}.Debug|x86.ActiveCfg = Debug|x86
		{39BCA6D3-CB68-4F8F-B457-47C9FD8D27AD}.Debug|x86.Build.0 = Debug|x86
		{39BCA6D3-CB68-4F8F-B457-47C9FD8D27AD}.Release|Any CPU.ActiveCfg = Release|x86
		{39BCA6D3-CB68-4F8F-B457-47C9FD8D27AD}.Release|Mixed Platforms.ActiveCfg = Release|x86
		{39BCA6D3-CB68-4F8F-B457-47C9FD8D27AD}.Release|Mixed Platforms.Build.0 = Release|x86
		{39BCA6D3-CB68-4F8F-B457-47C9FD8D27AD}.Release|x86.ActiveCfg = Release|x86
		{39BCA6D3-CB68-4F8F-B457-47C9FD8D27AD}.Release|x86.Build.0 = Release|x86
		{F7776DCA-2535-43C2-A409-08BFA719E8D6}.Debug|Any CPU.ActiveCfg = Debug|Any CPU
		{F7776DCA-2535-43C2-A409-08BFA719E8D6}.Debug|Any CPU.Build.0 = Debug|Any CPU
		{F7776DCA-2535-43C2-A409-08BFA719E8D6}.Debug|Mixed Platforms.ActiveCfg = Debug|Any CPU
		{F7776DCA-2535-43C2-A409-08BFA719E8D6}.Debug|Mixed Platforms.Build.0 = Debug|Any CPU
		{F7776DCA-2535-43C2-A409-08BFA719E8D6}.Debug|x86.ActiveCfg = Debug|Any CPU
		{F7776DCA-2535-43C2-A409-08BFA719E8D6}.Release|Any CPU.ActiveCfg = Release|Any CPU
		{F7776DCA-2535-43C2-A409-08BFA719E8D6}.Release|Any CPU.Build.0 = Release|Any CPU
		{F7776DCA-2535-43C2-A409-08BFA719E8D6}.Release|Mixed Platforms.ActiveCfg = Release|Any CPU
		{F7776DCA-2535-43C2-A409-08BFA719E8D6}.Release|Mixed Platforms.Build.0 = Release|Any CPU
		{F7776DCA-2535-43C2-A409-08BFA719E8D6}.Release|x86.ActiveCfg = Release|Any CPU
	EndGlobalSection
	GlobalSection(SolutionProperties) = preSolution
		HideSolutionNode = FALSE
	EndGlobalSection
EndGlobal
